
Microsoft Visual Studio Solution File, Format Version 12.00
# Visual Studio Version 16
VisualStudioVersion = 16.0.29806.167
MinimumVisualStudioVersion = 10.0.40219.1
Project("{FAE04EC0-301F-11D3-BF4B-00C04F79EFBC}") = "covid19", "covid19\covid19\covid19.csproj", "{D43C497D-885B-439A-8A02-7592BF865B45}"
EndProject
Project("{FAE04EC0-301F-11D3-BF4B-00C04F79EFBC}") = "covid19.Android", "covid19\covid19.Android\covid19.Android.csproj", "{4B7D2289-76D7-48FC-9A41-03AFA5FB008E}"
EndProject
Project("{FAE04EC0-301F-11D3-BF4B-00C04F79EFBC}") = "covid19.iOS", "covid19\covid19.iOS\covid19.iOS.csproj", "{5126C71B-F3E8-4549-9954-60BAA0ECADD0}"
EndProject
Global
	GlobalSection(SolutionConfigurationPlatforms) = preSolution
		Ad-Hoc|Any CPU = Ad-Hoc|Any CPU
		Ad-Hoc|iPhone = Ad-Hoc|iPhone
		Ad-Hoc|iPhoneSimulator = Ad-Hoc|iPhoneSimulator
		AppStore|Any CPU = AppStore|Any CPU
		AppStore|iPhone = AppStore|iPhone
		AppStore|iPhoneSimulator = AppStore|iPhoneSimulator
		Debug|Any CPU = Debug|Any CPU
		Debug|iPhone = Debug|iPhone
		Debug|iPhoneSimulator = Debug|iPhoneSimulator
		Release|Any CPU = Release|Any CPU
		Release|iPhone = Release|iPhone
		Release|iPhoneSimulator = Release|iPhoneSimulator
	EndGlobalSection
	GlobalSection(ProjectConfigurationPlatforms) = postSolution
		{D43C497D-885B-439A-8A02-7592BF865B45}.Ad-Hoc|Any CPU.ActiveCfg = Debug|Any CPU
		{D43C497D-885B-439A-8A02-7592BF865B45}.Ad-Hoc|Any CPU.Build.0 = Debug|Any CPU
		{D43C497D-885B-439A-8A02-7592BF865B45}.Ad-Hoc|iPhone.ActiveCfg = Debug|Any CPU
		{D43C497D-885B-439A-8A02-7592BF865B45}.Ad-Hoc|iPhone.Build.0 = Debug|Any CPU
		{D43C497D-885B-439A-8A02-7592BF865B45}.Ad-Hoc|iPhoneSimulator.ActiveCfg = Debug|Any CPU
		{D43C497D-885B-439A-8A02-7592BF865B45}.Ad-Hoc|iPhoneSimulator.Build.0 = Debug|Any CPU
		{D43C497D-885B-439A-8A02-7592BF865B45}.AppStore|Any CPU.ActiveCfg = Debug|Any CPU
		{D43C497D-885B-439A-8A02-7592BF865B45}.AppStore|Any CPU.Build.0 = Debug|Any CPU
		{D43C497D-885B-439A-8A02-7592BF865B45}.AppStore|iPhone.ActiveCfg = Release|Any CPU
		{D43C497D-885B-439A-8A02-7592BF865B45}.AppStore|iPhone.Build.0 = Release|Any CPU
		{D43C497D-885B-439A-8A02-7592BF865B45}.AppStore|iPhoneSimulator.ActiveCfg = Debug|Any CPU
		{D43C497D-885B-439A-8A02-7592BF865B45}.AppStore|iPhoneSimulator.Build.0 = Debug|Any CPU
		{D43C497D-885B-439A-8A02-7592BF865B45}.Debug|Any CPU.ActiveCfg = Debug|Any CPU
		{D43C497D-885B-439A-8A02-7592BF865B45}.Debug|Any CPU.Build.0 = Debug|Any CPU
		{D43C497D-885B-439A-8A02-7592BF865B45}.Debug|iPhone.ActiveCfg = Debug|Any CPU
		{D43C497D-885B-439A-8A02-7592BF865B45}.Debug|iPhone.Build.0 = Debug|Any CPU
		{D43C497D-885B-439A-8A02-7592BF865B45}.Debug|iPhoneSimulator.ActiveCfg = Debug|Any CPU
		{D43C497D-885B-439A-8A02-7592BF865B45}.Debug|iPhoneSimulator.Build.0 = Debug|Any CPU
		{D43C497D-885B-439A-8A02-7592BF865B45}.Release|Any CPU.ActiveCfg = Release|Any CPU
		{D43C497D-885B-439A-8A02-7592BF865B45}.Release|Any CPU.Build.0 = Release|Any CPU
		{D43C497D-885B-439A-8A02-7592BF865B45}.Release|iPhone.ActiveCfg = Release|Any CPU
		{D43C497D-885B-439A-8A02-7592BF865B45}.Release|iPhone.Build.0 = Release|Any CPU
		{D43C497D-885B-439A-8A02-7592BF865B45}.Release|iPhoneSimulator.ActiveCfg = Release|Any CPU
		{D43C497D-885B-439A-8A02-7592BF865B45}.Release|iPhoneSimulator.Build.0 = Release|Any CPU
		{4B7D2289-76D7-48FC-9A41-03AFA5FB008E}.Ad-Hoc|Any CPU.ActiveCfg = Release|Any CPU
		{4B7D2289-76D7-48FC-9A41-03AFA5FB008E}.Ad-Hoc|Any CPU.Build.0 = Release|Any CPU
		{4B7D2289-76D7-48FC-9A41-03AFA5FB008E}.Ad-Hoc|Any CPU.Deploy.0 = Release|Any CPU
		{4B7D2289-76D7-48FC-9A41-03AFA5FB008E}.Ad-Hoc|iPhone.ActiveCfg = Release|Any CPU
		{4B7D2289-76D7-48FC-9A41-03AFA5FB008E}.Ad-Hoc|iPhone.Build.0 = Release|Any CPU
		{4B7D2289-76D7-48FC-9A41-03AFA5FB008E}.Ad-Hoc|iPhone.Deploy.0 = Release|Any CPU
		{4B7D2289-76D7-48FC-9A41-03AFA5FB008E}.Ad-Hoc|iPhoneSimulator.ActiveCfg = Release|Any CPU
		{4B7D2289-76D7-48FC-9A41-03AFA5FB008E}.Ad-Hoc|iPhoneSimulator.Build.0 = Release|Any CPU
		{4B7D2289-76D7-48FC-9A41-03AFA5FB008E}.Ad-Hoc|iPhoneSimulator.Deploy.0 = Release|Any CPU
		{4B7D2289-76D7-48FC-9A41-03AFA5FB008E}.AppStore|Any CPU.ActiveCfg = Release|Any CPU
		{4B7D2289-76D7-48FC-9A41-03AFA5FB008E}.AppStore|Any CPU.Build.0 = Release|Any CPU
		{4B7D2289-76D7-48FC-9A41-03AFA5FB008E}.AppStore|Any CPU.Deploy.0 = Release|Any CPU
		{4B7D2289-76D7-48FC-9A41-03AFA5FB008E}.AppStore|iPhone.ActiveCfg = Release|Any CPU
		{4B7D2289-76D7-48FC-9A41-03AFA5FB008E}.AppStore|iPhone.Deploy.0 = Release|Any CPU
		{4B7D2289-76D7-48FC-9A41-03AFA5FB008E}.AppStore|iPhoneSimulator.ActiveCfg = Release|Any CPU
		{4B7D2289-76D7-48FC-9A41-03AFA5FB008E}.AppStore|iPhoneSimulator.Build.0 = Release|Any CPU
		{4B7D2289-76D7-48FC-9A41-03AFA5FB008E}.AppStore|iPhoneSimulator.Deploy.0 = Release|Any CPU
		{4B7D2289-76D7-48FC-9A41-03AFA5FB008E}.Debug|Any CPU.ActiveCfg = Debug|Any CPU
		{4B7D2289-76D7-48FC-9A41-03AFA5FB008E}.Debug|Any CPU.Build.0 = Debug|Any CPU
		{4B7D2289-76D7-48FC-9A41-03AFA5FB008E}.Debug|Any CPU.Deploy.0 = Debug|Any CPU
		{4B7D2289-76D7-48FC-9A41-03AFA5FB008E}.Debug|iPhone.ActiveCfg = Debug|Any CPU
		{4B7D2289-76D7-48FC-9A41-03AFA5FB008E}.Debug|iPhone.Build.0 = Debug|Any CPU
		{4B7D2289-76D7-48FC-9A41-03AFA5FB008E}.Debug|iPhone.Deploy.0 = Debug|Any CPU
		{4B7D2289-76D7-48FC-9A41-03AFA5FB008E}.Debug|iPhoneSimulator.ActiveCfg = Debug|Any CPU
		{4B7D2289-76D7-48FC-9A41-03AFA5FB008E}.Debug|iPhoneSimulator.Build.0 = Debug|Any CPU
		{4B7D2289-76D7-48FC-9A41-03AFA5FB008E}.Debug|iPhoneSimulator.Deploy.0 = Debug|Any CPU
		{4B7D2289-76D7-48FC-9A41-03AFA5FB008E}.Release|Any CPU.ActiveCfg = Release|Any CPU
		{4B7D2289-76D7-48FC-9A41-03AFA5FB008E}.Release|Any CPU.Build.0 = Release|Any CPU
		{4B7D2289-76D7-48FC-9A41-03AFA5FB008E}.Release|Any CPU.Deploy.0 = Release|Any CPU
		{4B7D2289-76D7-48FC-9A41-03AFA5FB008E}.Release|iPhone.ActiveCfg = Release|Any CPU
		{4B7D2289-76D7-48FC-9A41-03AFA5FB008E}.Release|iPhone.Build.0 = Release|Any CPU
		{4B7D2289-76D7-48FC-9A41-03AFA5FB008E}.Release|iPhone.Deploy.0 = Release|Any CPU
		{4B7D2289-76D7-48FC-9A41-03AFA5FB008E}.Release|iPhoneSimulator.ActiveCfg = Release|Any CPU
		{4B7D2289-76D7-48FC-9A41-03AFA5FB008E}.Release|iPhoneSimulator.Build.0 = Release|Any CPU
		{4B7D2289-76D7-48FC-9A41-03AFA5FB008E}.Release|iPhoneSimulator.Deploy.0 = Release|Any CPU
		{5126C71B-F3E8-4549-9954-60BAA0ECADD0}.Ad-Hoc|Any CPU.ActiveCfg = Ad-Hoc|iPhone
		{5126C71B-F3E8-4549-9954-60BAA0ECADD0}.Ad-Hoc|iPhone.ActiveCfg = Ad-Hoc|iPhone
		{5126C71B-F3E8-4549-9954-60BAA0ECADD0}.Ad-Hoc|iPhone.Build.0 = Ad-Hoc|iPhone
		{5126C71B-F3E8-4549-9954-60BAA0ECADD0}.Ad-Hoc|iPhoneSimulator.ActiveCfg = Ad-Hoc|iPhoneSimulator
		{5126C71B-F3E8-4549-9954-60BAA0ECADD0}.Ad-Hoc|iPhoneSimulator.Build.0 = Ad-Hoc|iPhoneSimulator
		{5126C71B-F3E8-4549-9954-60BAA0ECADD0}.AppStore|Any CPU.ActiveCfg = AppStore|iPhone
		{5126C71B-F3E8-4549-9954-60BAA0ECADD0}.AppStore|iPhone.ActiveCfg = AppStore|iPhone
		{5126C71B-F3E8-4549-9954-60BAA0ECADD0}.AppStore|iPhone.Build.0 = AppStore|iPhone
		{5126C71B-F3E8-4549-9954-60BAA0ECADD0}.AppStore|iPhoneSimulator.ActiveCfg = AppStore|iPhoneSimulator
		{5126C71B-F3E8-4549-9954-60BAA0ECADD0}.AppStore|iPhoneSimulator.Build.0 = AppStore|iPhoneSimulator
		{5126C71B-F3E8-4549-9954-60BAA0ECADD0}.Debug|Any CPU.ActiveCfg = Debug|iPhone
		{5126C71B-F3E8-4549-9954-60BAA0ECADD0}.Debug|iPhone.ActiveCfg = Debug|iPhone
		{5126C71B-F3E8-4549-9954-60BAA0ECADD0}.Debug|iPhone.Build.0 = Debug|iPhone
		{5126C71B-F3E8-4549-9954-60BAA0ECADD0}.Debug|iPhoneSimulator.ActiveCfg = Debug|iPhoneSimulator
		{5126C71B-F3E8-4549-9954-60BAA0ECADD0}.Debug|iPhoneSimulator.Build.0 = Debug|iPhoneSimulator
		{5126C71B-F3E8-4549-9954-60BAA0ECADD0}.Release|Any CPU.ActiveCfg = Release|iPhone
		{5126C71B-F3E8-4549-9954-60BAA0ECADD0}.Release|iPhone.ActiveCfg = Release|iPhone
		{5126C71B-F3E8-4549-9954-60BAA0ECADD0}.Release|iPhone.Build.0 = Release|iPhone
		{5126C71B-F3E8-4549-9954-60BAA0ECADD0}.Release|iPhoneSimulator.ActiveCfg = Release|iPhoneSimulator
		{5126C71B-F3E8-4549-9954-60BAA0ECADD0}.Release|iPhoneSimulator.Build.0 = Release|iPhoneSimulator
	EndGlobalSection
	GlobalSection(SolutionProperties) = preSolution
		HideSolutionNode = FALSE
	EndGlobalSection
	GlobalSection(ExtensibilityGlobals) = postSolution
		SolutionGuid = {C20C5386-2B16-40C0-B180-7BCBE2BCBA5D}
	EndGlobalSection
EndGlobal
